
Microsoft Visual Studio Solution File, Format Version 12.00
# Visual Studio Version 16
VisualStudioVersion = 16.0.31105.61
MinimumVisualStudioVersion = 10.0.40219.1
Project("{9A19103F-16F7-4668-BE54-9A1E7A4F7556}") = "API", "API.csproj", "{21D819D1-DB1A-436A-ABBD-A0EA38DE3243}"
EndProject
Global
	GlobalSection(SolutionConfigurationPlatforms) = preSolution
		Debug|Any CPU = Debug|Any CPU
		Release|Any CPU = Release|Any CPU
	EndGlobalSection
	GlobalSection(ProjectConfigurationPlatforms) = postSolution
		{21D819D1-DB1A-436A-ABBD-A0EA38DE3243}.Debug|Any CPU.ActiveCfg = Debug|Any CPU
		{21D819D1-DB1A-436A-ABBD-A0EA38DE3243}.Debug|Any CPU.Build.0 = Debug|Any CPU
		{21D819D1-DB1A-436A-ABBD-A0EA38DE3243}.Release|Any CPU.ActiveCfg = Release|Any CPU
		{21D819D1-DB1A-436A-ABBD-A0EA38DE3243}.Release|Any CPU.Build.0 = Release|Any CPU
	EndGlobalSection
	GlobalSection(SolutionProperties) = preSolution
		HideSolutionNode = FALSE
	EndGlobalSection
	GlobalSection(ExtensibilityGlobals) = postSolution
		SolutionGuid = {2B66BB3E-2C3F-4DA7-B353-5C1AA1B07518}
	EndGlobalSection
EndGlobal
